github.com/wowchemy/wowchemy-hugo-themes/modules/wowchemy-bootstrap/v5 v5.9.3 h1:GU0CCXbXSK+V+5Inufwz4DjuVk2DIWVLHxNlhzzl5Ck=
github.com/wowchemy/wowchemy-hugo-themes/modules/wowchemy-bootstrap/v5 v5.9.3/go.mod h1:gDiL2ik/lCO0iZFwnbQfxXQcLjxIVVumDAAk7HtzQSU=
github.com/wowchemy/wowchemy-hugo-themes/modules/wowchemy-core v0.1.0/go.mod h1:kJwI9H8dicHQCnP8G9EvUDI+oNg/yXcGsjGjwjXuM8I=
github.com/wowchemy/wowchemy-hugo-themes/modules/wowchemy-core v0.2.1-0.20231101183355-53a94b591ea8/go.mod h1:kJwI9H8dicHQCnP8G9EvUDI+oNg/yXcGsjGjwjXuM8I=
github.com/wowchemy/wowchemy-hugo-themes/modules/wowchemy-core v0.2.1-0.20231101183733-7b61e2f369e6/go.mod h1:kJwI9H8dicHQCnP8G9EvUDI+oNg/yXcGsjGjwjXuM8I=
github.com/wowchemy/wowchemy-hugo-themes/modules/wowchemy-core v0.2.1-0.20231105000840-20f6ecb81f55 h1:jvy81P7EY9wNjMH76KfgGdQSsgwVYmH7Shjg/mm1wX4=
github.com/wowchemy/wowchemy-hugo-themes/modules/wowchemy-core v0.2.1-0.20231105000840-20f6ecb81f55/go.mod h1:kJwI9H8dicHQCnP8G9EvUDI+oNg/yXcGsjGjwjXuM8I=
github.com/wowchemy/wowchemy-hugo-themes/modules/wowchemy-plugin-netlify v1.0.0 h1:blRMoXNtlxnqXlVi4eCdPtTfVpJkH9J1f6tEKDXimCY=
github.com/wowchemy/wowchemy-hugo-themes/modules/wowchemy-plugin-netlify v1.0.0/go.mod h1:s40UgLsWfVyCLQ2F4F3dBcNfZOXcPGld7KxsKhZdzvM=
github.com/wowchemy/wowchemy-hugo-themes/modules/wowchemy-plugin-reveal v1.0.0 h1:EYUeXFaj/roT2MtbZf9gaOTtG+S4bJWYGvNgxVdEspY=
github.com/wowchemy/wowchemy-hugo-themes/modules/wowchemy-plugin-reveal v1.0.0/go.mod h1:u2hgU45C6Oi3CwMzSNvTwuRTsKs7O46EG3MTjNKu7gE=
github.com/wowchemy/wowchemy-hugo-themes/modules/wowchemy-seo v0.1.1-0.20231101183733-7b61e2f369e6/go.mod h1:ecSfomc5wqJSsZb+WuOJGMqCDxONsooRuWmIObTOpR0=
github.com/wowchemy/wowchemy-hugo-themes/modules/wowchemy-seo v0.1.1-0.20231105000840-20f6ecb81f55 h1:3tE9ShrLyZ03N1/q75zHb4u6SnBiTLaJtc9nnyoRb8s=
github.com/wowchemy/wowchemy-hugo-themes/modules/wowchemy-seo v0.1.1-0.20231105000840-20f6ecb81f55/go.mod h1:ecSfomc5wqJSsZb+WuOJGMqCDxONsooRuWmIObTOpR0=
